
Microsoft Visual Studio Solution File, Format Version 12.00
# Visual Studio 14
VisualStudioVersion = 14.0.25420.1
MinimumVisualStudioVersion = 10.0.40219.1
Project("{FAE04EC0-301F-11D3-BF4B-00C04F79EFBC}") = "WindowMake", "WindowMake\WindowMake.csproj", "{F863A7A7-23CF-4861-BF99-552400289B1E}"
EndProject
Project("{FAE04EC0-301F-11D3-BF4B-00C04F79EFBC}") = "DeviceDll", "C:\Users\Administrator\Documents\Visual Studio 2015\Projects\DeviceDll\DeviceDll\DeviceDll.csproj", "{918B70F6-3EFA-41E7-AA2F-BB3E8672526A}"
EndProject
Global
	GlobalSection(SolutionConfigurationPlatforms) = preSolution
		Debug|Any CPU = Debug|Any CPU
		Release|Any CPU = Release|Any CPU
	EndGlobalSection
	GlobalSection(ProjectConfigurationPlatforms) = postSolution
		{F863A7A7-23CF-4861-BF99-552400289B1E}.Debug|Any CPU.ActiveCfg = Debug|Any CPU
		{F863A7A7-23CF-4861-BF99-552400289B1E}.Debug|Any CPU.Build.0 = Debug|Any CPU
		{F863A7A7-23CF-4861-BF99-552400289B1E}.Release|Any CPU.ActiveCfg = Release|Any CPU
		{F863A7A7-23CF-4861-BF99-552400289B1E}.Release|Any CPU.Build.0 = Release|Any CPU
		{918B70F6-3EFA-41E7-AA2F-BB3E8672526A}.Debug|Any CPU.ActiveCfg = Debug|Any CPU
		{918B70F6-3EFA-41E7-AA2F-BB3E8672526A}.Debug|Any CPU.Build.0 = Debug|Any CPU
		{918B70F6-3EFA-41E7-AA2F-BB3E8672526A}.Release|Any CPU.ActiveCfg = Release|Any CPU
		{918B70F6-3EFA-41E7-AA2F-BB3E8672526A}.Release|Any CPU.Build.0 = Release|Any CPU
	EndGlobalSection
	GlobalSection(SolutionProperties) = preSolution
		HideSolutionNode = FALSE
	EndGlobalSection
EndGlobal
